
Microsoft Visual Studio Solution File, Format Version 12.00
# Visual Studio Version 17
VisualStudioVersion = 17.11.35327.3
MinimumVisualStudioVersion = 10.0.40219.1
Project("{2150E333-8FDC-42A3-9474-1A3956D46DE8}") = "src", "src", "{2E21FFAD-8E8E-4220-8BFD-565E21A286E9}"
EndProject
Project("{9A19103F-16F7-4668-BE54-9A1E7A4F7556}") = "OrderService.Api", "src\OrderService.Api\OrderService.Api.csproj", "{9B6D94A5-DAFF-4052-88E7-0AE479628156}"
EndProject
Project("{9A19103F-16F7-4668-BE54-9A1E7A4F7556}") = "PaymentService.Api", "src\PaymentService.Api\PaymentService.Api.csproj", "{D9AF9C04-32E3-4BDC-AF57-AC4AC607D2F9}"
EndProject
Project("{2150E333-8FDC-42A3-9474-1A3956D46DE8}") = "tests", "tests", "{13D10348-4EAB-4E63-A997-A3973F05333B}"
EndProject
Project("{2150E333-8FDC-42A3-9474-1A3956D46DE8}") = "OrderService.Tests", "OrderService.Tests", "{93F6986D-506D-4F77-BF59-13B6CD647315}"
EndProject
Project("{2150E333-8FDC-42A3-9474-1A3956D46DE8}") = "Unit", "Unit", "{2D03B4CD-E12D-4F8C-8A4F-2BC3D29F3715}"
EndProject
Project("{2150E333-8FDC-42A3-9474-1A3956D46DE8}") = "Integration", "Integration", "{EB1B771F-6B5D-4543-88E6-BE8BD8761D82}"
EndProject
Project("{FAE04EC0-301F-11D3-BF4B-00C04F79EFBC}") = "OrdersService.UnitTests", "tests\OrderService.Tests\Unit\OrdersControllerTests\OrdersService.UnitTests.csproj", "{E0D28250-9049-472F-8E7D-B8F64FCE26B6}"
EndProject
Project("{FAE04EC0-301F-11D3-BF4B-00C04F79EFBC}") = "OrderService.IntegrationTests", "tests\OrderService.Tests\Integration\OrderService.IntegrationTests\OrderService.IntegrationTests.csproj", "{D49EBEDE-73DF-4107-B8A4-0EA9345B09DD}"
EndProject
Project("{2150E333-8FDC-42A3-9474-1A3956D46DE8}") = "docker", "docker", "{FBEF4EA0-8D5A-4748-AC8D-FB120A16B4B0}"
	ProjectSection(SolutionItems) = preProject
		docker-compose.yml = docker-compose.yml
	EndProjectSection
EndProject
Global
	GlobalSection(SolutionConfigurationPlatforms) = preSolution
		Debug|Any CPU = Debug|Any CPU
		Release|Any CPU = Release|Any CPU
	EndGlobalSection
	GlobalSection(ProjectConfigurationPlatforms) = postSolution
		{9B6D94A5-DAFF-4052-88E7-0AE479628156}.Debug|Any CPU.ActiveCfg = Debug|Any CPU
		{9B6D94A5-DAFF-4052-88E7-0AE479628156}.Debug|Any CPU.Build.0 = Debug|Any CPU
		{9B6D94A5-DAFF-4052-88E7-0AE479628156}.Release|Any CPU.ActiveCfg = Release|Any CPU
		{9B6D94A5-DAFF-4052-88E7-0AE479628156}.Release|Any CPU.Build.0 = Release|Any CPU
		{D9AF9C04-32E3-4BDC-AF57-AC4AC607D2F9}.Debug|Any CPU.ActiveCfg = Debug|Any CPU
		{D9AF9C04-32E3-4BDC-AF57-AC4AC607D2F9}.Debug|Any CPU.Build.0 = Debug|Any CPU
		{D9AF9C04-32E3-4BDC-AF57-AC4AC607D2F9}.Release|Any CPU.ActiveCfg = Release|Any CPU
		{D9AF9C04-32E3-4BDC-AF57-AC4AC607D2F9}.Release|Any CPU.Build.0 = Release|Any CPU
		{E0D28250-9049-472F-8E7D-B8F64FCE26B6}.Debug|Any CPU.ActiveCfg = Debug|Any CPU
		{E0D28250-9049-472F-8E7D-B8F64FCE26B6}.Debug|Any CPU.Build.0 = Debug|Any CPU
		{E0D28250-9049-472F-8E7D-B8F64FCE26B6}.Release|Any CPU.ActiveCfg = Release|Any CPU
		{E0D28250-9049-472F-8E7D-B8F64FCE26B6}.Release|Any CPU.Build.0 = Release|Any CPU
		{D49EBEDE-73DF-4107-B8A4-0EA9345B09DD}.Debug|Any CPU.ActiveCfg = Debug|Any CPU
		{D49EBEDE-73DF-4107-B8A4-0EA9345B09DD}.Debug|Any CPU.Build.0 = Debug|Any CPU
		{D49EBEDE-73DF-4107-B8A4-0EA9345B09DD}.Release|Any CPU.ActiveCfg = Release|Any CPU
		{D49EBEDE-73DF-4107-B8A4-0EA9345B09DD}.Release|Any CPU.Build.0 = Release|Any CPU
	EndGlobalSection
	GlobalSection(SolutionProperties) = preSolution
		HideSolutionNode = FALSE
	EndGlobalSection
	GlobalSection(NestedProjects) = preSolution
		{9B6D94A5-DAFF-4052-88E7-0AE479628156} = {2E21FFAD-8E8E-4220-8BFD-565E21A286E9}
		{D9AF9C04-32E3-4BDC-AF57-AC4AC607D2F9} = {2E21FFAD-8E8E-4220-8BFD-565E21A286E9}
		{93F6986D-506D-4F77-BF59-13B6CD647315} = {13D10348-4EAB-4E63-A997-A3973F05333B}
		{2D03B4CD-E12D-4F8C-8A4F-2BC3D29F3715} = {93F6986D-506D-4F77-BF59-13B6CD647315}
		{EB1B771F-6B5D-4543-88E6-BE8BD8761D82} = {93F6986D-506D-4F77-BF59-13B6CD647315}
		{E0D28250-9049-472F-8E7D-B8F64FCE26B6} = {2D03B4CD-E12D-4F8C-8A4F-2BC3D29F3715}
		{D49EBEDE-73DF-4107-B8A4-0EA9345B09DD} = {EB1B771F-6B5D-4543-88E6-BE8BD8761D82}
	EndGlobalSection
	GlobalSection(ExtensibilityGlobals) = postSolution
		SolutionGuid = {9FA28EE4-5FEA-4C51-B498-D34A60D464F5}
	EndGlobalSection
EndGlobal
